// !$*UTF8*$!
{
	archiveVersion = 1;
	classes = {
	};
	objectVersion = 48;
	objects = {

/* Begin PBXBuildFile section */
		1E439339C57B29FF5D51311E /* Pods_Tinder.framework in Frameworks */ = {isa = PBXBuildFile; fileRef = 171FA662BAEED9DF0BD21A9F /* Pods_Tinder.framework */; };
		20D0FA312081C8880094AF44 /* ProfileViewController.swift in Sources */ = {isa = PBXBuildFile; fileRef = 20D0FA302081C8880094AF44 /* ProfileViewController.swift */; };
		20EBA30420817DE8000B6349 /* AppDelegate.swift in Sources */ = {isa = PBXBuildFile; fileRef = 20EBA30320817DE8000B6349 /* AppDelegate.swift */; };
		20EBA30920817DE8000B6349 /* Main.storyboard in Resources */ = {isa = PBXBuildFile; fileRef = 20EBA30720817DE8000B6349 /* Main.storyboard */; };
		20EBA30B20817DE8000B6349 /* Assets.xcassets in Resources */ = {isa = PBXBuildFile; fileRef = 20EBA30A20817DE8000B6349 /* Assets.xcassets */; };
		20EBA30E20817DE8000B6349 /* LaunchScreen.storyboard in Resources */ = {isa = PBXBuildFile; fileRef = 20EBA30C20817DE8000B6349 /* LaunchScreen.storyboard */; };
		20EBA31920817DE8000B6349 /* TinderTests.swift in Sources */ = {isa = PBXBuildFile; fileRef = 20EBA31820817DE8000B6349 /* TinderTests.swift */; };
		20EBA32420817DE8000B6349 /* TinderUITests.swift in Sources */ = {isa = PBXBuildFile; fileRef = 20EBA32320817DE8000B6349 /* TinderUITests.swift */; };
		20EBA33220817EA7000B6349 /* CardsViewController.swift in Sources */ = {isa = PBXBuildFile; fileRef = 20EBA33120817EA7000B6349 /* CardsViewController.swift */; };
		20F3AAC32081F6D900F5F2DA /* BaseTransition.swift in Sources */ = {isa = PBXBuildFile; fileRef = 20F3AAC12081F6D800F5F2DA /* BaseTransition.swift */; };
		20F3AAC42081F6D900F5F2DA /* FadeTransition.swift in Sources */ = {isa = PBXBuildFile; fileRef = 20F3AAC22081F6D800F5F2DA /* FadeTransition.swift */; };
		541708FFD2070DBDCC735F60 /* Pods_TinderUITests.framework in Frameworks */ = {isa = PBXBuildFile; fileRef = 7673ECE3A9737CAF11B4DBF0 /* Pods_TinderUITests.framework */; };
		EFA6CB73DFCFFCC37291AFC3 /* Pods_TinderTests.framework in Frameworks */ = {isa = PBXBuildFile; fileRef = 6E83A6C8E8F6C23C087052C3 /* Pods_TinderTests.framework */; };
/* End PBXBuildFile section */

/* Begin PBXContainerItemProxy section */
		20EBA31520817DE8000B6349 /* PBXContainerItemProxy */ = {
			isa = PBXContainerItemProxy;
			containerPortal = 20EBA2F820817DE7000B6349 /* Project object */;
			proxyType = 1;
			remoteGlobalIDString = 20EBA2FF20817DE7000B6349;
			remoteInfo = Tinder;
		};
		20EBA32020817DE8000B6349 /* PBXContainerItemProxy */ = {
			isa = PBXContainerItemProxy;
			containerPortal = 20EBA2F820817DE7000B6349 /* Project object */;
			proxyType = 1;
			remoteGlobalIDString = 20EBA2FF20817DE7000B6349;
			remoteInfo = Tinder;
		};
/* End PBXContainerItemProxy section */

/* Begin PBXFileReference section */
		0C5F3B90CB5DB5446DF8CD62 /* Pods-TinderUITests.debug.xcconfig */ = {isa = PBXFileReference; includeInIndex = 1; lastKnownFileType = text.xcconfig; name = "Pods-TinderUITests.debug.xcconfig"; path = "Pods/Target Support Files/Pods-TinderUITests/Pods-TinderUITests.debug.xcconfig"; sourceTree = "<group>"; };
		171FA662BAEED9DF0BD21A9F /* Pods_Tinder.framework */ = {isa = PBXFileReference; explicitFileType = wrapper.framework; includeInIndex = 0; path = Pods_Tinder.framework; sourceTree = BUILT_PRODUCTS_DIR; };
		20D0FA302081C8880094AF44 /* ProfileViewController.swift */ = {isa = PBXFileReference; lastKnownFileType = sourcecode.swift; path = ProfileViewController.swift; sourceTree = "<group>"; };
		20EBA30020817DE7000B6349 /* Tinder.app */ = {isa = PBXFileReference; explicitFileType = wrapper.application; includeInIndex = 0; path = Tinder.app; sourceTree = BUILT_PRODUCTS_DIR; };
		20EBA30320817DE8000B6349 /* AppDelegate.swift */ = {isa = PBXFileReference; lastKnownFileType = sourcecode.swift; path = AppDelegate.swift; sourceTree = "<group>"; };
		20EBA30820817DE8000B6349 /* Base */ = {isa = PBXFileReference; lastKnownFileType = file.storyboard; name = Base; path = Base.lproj/Main.storyboard; sourceTree = "<group>"; };
		20EBA30A20817DE8000B6349 /* Assets.xcassets */ = {isa = PBXFileReference; lastKnownFileType = folder.assetcatalog; path = Assets.xcassets; sourceTree = "<group>"; };
		20EBA30D20817DE8000B6349 /* Base */ = {isa = PBXFileReference; lastKnownFileType = file.storyboard; name = Base; path = Base.lproj/LaunchScreen.storyboard; sourceTree = "<group>"; };
		20EBA30F20817DE8000B6349 /* Info.plist */ = {isa = PBXFileReference; lastKnownFileType = text.plist.xml; path = Info.plist; sourceTree = "<group>"; };
		20EBA31420817DE8000B6349 /* TinderTests.xctest */ = {isa = PBXFileReference; explicitFileType = wrapper.cfbundle; includeInIndex = 0; path = TinderTests.xctest; sourceTree = BUILT_PRODUCTS_DIR; };
		20EBA31820817DE8000B6349 /* TinderTests.swift */ = {isa = PBXFileReference; lastKnownFileType = sourcecode.swift; path = TinderTests.swift; sourceTree = "<group>"; };
		20EBA31A20817DE8000B6349 /* Info.plist */ = {isa = PBXFileReference; lastKnownFileType = text.plist.xml; path = Info.plist; sourceTree = "<group>"; };
		20EBA31F20817DE8000B6349 /* TinderUITests.xctest */ = {isa = PBXFileReference; explicitFileType = wrapper.cfbundle; includeInIndex = 0; path = TinderUITests.xctest; sourceTree = BUILT_PRODUCTS_DIR; };
		20EBA32320817DE8000B6349 /* TinderUITests.swift */ = {isa = PBXFileReference; lastKnownFileType = sourcecode.swift; path = TinderUITests.swift; sourceTree = "<group>"; };
		20EBA32520817DE8000B6349 /* Info.plist */ = {isa = PBXFileReference; lastKnownFileType = text.plist.xml; path = Info.plist; sourceTree = "<group>"; };
		20EBA33120817EA7000B6349 /* CardsViewController.swift */ = {isa = PBXFileReference; lastKnownFileType = sourcecode.swift; path = CardsViewController.swift; sourceTree = "<group>"; };
		20F3AAC12081F6D800F5F2DA /* BaseTransition.swift */ = {isa = PBXFileReference; fileEncoding = 4; lastKnownFileType = sourcecode.swift; path = BaseTransition.swift; sourceTree = "<group>"; };
		20F3AAC22081F6D800F5F2DA /* FadeTransition.swift */ = {isa = PBXFileReference; fileEncoding = 4; lastKnownFileType = sourcecode.swift; path = FadeTransition.swift; sourceTree = "<group>"; };
		45751C2B8E67C9568DE1707D /* Pods-Tinder.release.xcconfig */ = {isa = PBXFileReference; includeInIndex = 1; lastKnownFileType = text.xcconfig; name = "Pods-Tinder.release.xcconfig"; path = "Pods/Target Support Files/Pods-Tinder/Pods-Tinder.release.xcconfig"; sourceTree = "<group>"; };
		624815E07F4FC04B4DDD4CD0 /* Pods-TinderUITests.release.xcconfig */ = {isa = PBXFileReference; includeInIndex = 1; lastKnownFileType = text.xcconfig; name = "Pods-TinderUITests.release.xcconfig"; path = "Pods/Target Support Files/Pods-TinderUITests/Pods-TinderUITests.release.xcconfig"; sourceTree = "<group>"; };
		6E83A6C8E8F6C23C087052C3 /* Pods_TinderTests.framework */ = {isa = PBXFileReference; explicitFileType = wrapper.framework; includeInIndex = 0; path = Pods_TinderTests.framework; sourceTree = BUILT_PRODUCTS_DIR; };
		6EE323C2E43B1F2CD7B2D757 /* Pods-TinderTests.debug.xcconfig */ = {isa = PBXFileReference; includeInIndex = 1; lastKnownFileType = text.xcconfig; name = "Pods-TinderTests.debug.xcconfig"; path = "Pods/Target Support Files/Pods-TinderTests/Pods-TinderTests.debug.xcconfig"; sourceTree = "<group>"; };
		7206F149ECB5E7AC319467B9 /* Pods-Tinder.debug.xcconfig */ = {isa = PBXFileReference; includeInIndex = 1; lastKnownFileType = text.xcconfig; name = "Pods-Tinder.debug.xcconfig"; path = "Pods/Target Support Files/Pods-Tinder/Pods-Tinder.debug.xcconfig"; sourceTree = "<group>"; };
		7673ECE3A9737CAF11B4DBF0 /* Pods_TinderUITests.framework */ = {isa = PBXFileReference; explicitFileType = wrapper.framework; includeInIndex = 0; path = Pods_TinderUITests.framework; sourceTree = BUILT_PRODUCTS_DIR; };
		A4F872CC24C4214803539FC5 /* Pods-TinderTests.release.xcconfig */ = {isa = PBXFileReference; includeInIndex = 1; lastKnownFileType = text.xcconfig; name = "Pods-TinderTests.release.xcconfig"; path = "Pods/Target Support Files/Pods-TinderTests/Pods-TinderTests.release.xcconfig"; sourceTree = "<group>"; };
/* End PBXFileReference section */

/* Begin PBXFrameworksBuildPhase section */
		20EBA2FD20817DE7000B6349 /* Frameworks */ = {
			isa = PBXFrameworksBuildPhase;
			buildActionMask = 2147483647;
			files = (
				1E439339C57B29FF5D51311E /* Pods_Tinder.framework in Frameworks */,
			);
			runOnlyForDeploymentPostprocessing = 0;
		};
		20EBA31120817DE8000B6349 /* Frameworks */ = {
			isa = PBXFrameworksBuildPhase;
			buildActionMask = 2147483647;
			files = (
				EFA6CB73DFCFFCC37291AFC3 /* Pods_TinderTests.framework in Frameworks */,
			);
			runOnlyForDeploymentPostprocessing = 0;
		};
		20EBA31C20817DE8000B6349 /* Frameworks */ = {
			isa = PBXFrameworksBuildPhase;
			buildActionMask = 2147483647;
			files = (
				541708FFD2070DBDCC735F60 /* Pods_TinderUITests.framework in Frameworks */,
			);
			runOnlyForDeploymentPostprocessing = 0;
		};
/* End PBXFrameworksBuildPhase section */

/* Begin PBXGroup section */
		20EBA2F720817DE7000B6349 = {
			isa = PBXGroup;
			children = (
				20EBA30220817DE7000B6349 /* Tinder */,
				20EBA31720817DE8000B6349 /* TinderTests */,
				20EBA32220817DE8000B6349 /* TinderUITests */,
				20EBA30120817DE7000B6349 /* Products */,
				4010D0D885C9B6D4E560005D /* Pods */,
				62458EA1F1C6ADE6F9E4D093 /* Frameworks */,
			);
			sourceTree = "<group>";
		};
		20EBA30120817DE7000B6349 /* Products */ = {
			isa = PBXGroup;
			children = (
				20EBA30020817DE7000B6349 /* Tinder.app */,
				20EBA31420817DE8000B6349 /* TinderTests.xctest */,
				20EBA31F20817DE8000B6349 /* TinderUITests.xctest */,
			);
			name = Products;
			sourceTree = "<group>";
		};
		20EBA30220817DE7000B6349 /* Tinder */ = {
			isa = PBXGroup;
			children = (
				20EBA30320817DE8000B6349 /* AppDelegate.swift */,
				20EBA30720817DE8000B6349 /* Main.storyboard */,
				20EBA30A20817DE8000B6349 /* Assets.xcassets */,
				20EBA30C20817DE8000B6349 /* LaunchScreen.storyboard */,
				20EBA30F20817DE8000B6349 /* Info.plist */,
				20EBA33120817EA7000B6349 /* CardsViewController.swift */,
				20D0FA302081C8880094AF44 /* ProfileViewController.swift */,
				20F3AAC12081F6D800F5F2DA /* BaseTransition.swift */,
				20F3AAC22081F6D800F5F2DA /* FadeTransition.swift */,
			);
			path = Tinder;
			sourceTree = "<group>";
		};
		20EBA31720817DE8000B6349 /* TinderTests */ = {
			isa = PBXGroup;
			children = (
				20EBA31820817DE8000B6349 /* TinderTests.swift */,
				20EBA31A20817DE8000B6349 /* Info.plist */,
			);
			path = TinderTests;
			sourceTree = "<group>";
		};
		20EBA32220817DE8000B6349 /* TinderUITests */ = {
			isa = PBXGroup;
			children = (
				20EBA32320817DE8000B6349 /* TinderUITests.swift */,
				20EBA32520817DE8000B6349 /* Info.plist */,
			);
			path = TinderUITests;
			sourceTree = "<group>";
		};
		4010D0D885C9B6D4E560005D /* Pods */ = {
			isa = PBXGroup;
			children = (
				7206F149ECB5E7AC319467B9 /* Pods-Tinder.debug.xcconfig */,
				45751C2B8E67C9568DE1707D /* Pods-Tinder.release.xcconfig */,
				6EE323C2E43B1F2CD7B2D757 /* Pods-TinderTests.debug.xcconfig */,
				A4F872CC24C4214803539FC5 /* Pods-TinderTests.release.xcconfig */,
				0C5F3B90CB5DB5446DF8CD62 /* Pods-TinderUITests.debug.xcconfig */,
				624815E07F4FC04B4DDD4CD0 /* Pods-TinderUITests.release.xcconfig */,
			);
			name = Pods;
			sourceTree = "<group>";
		};
		62458EA1F1C6ADE6F9E4D093 /* Frameworks */ = {
			isa = PBXGroup;
			children = (
				171FA662BAEED9DF0BD21A9F /* Pods_Tinder.framework */,
				6E83A6C8E8F6C23C087052C3 /* Pods_TinderTests.framework */,
				7673ECE3A9737CAF11B4DBF0 /* Pods_TinderUITests.framework */,
			);
			name = Frameworks;
			sourceTree = "<group>";
		};
/* End PBXGroup section */

/* Begin PBXNativeTarget section */
		20EBA2FF20817DE7000B6349 /* Tinder */ = {
			isa = PBXNativeTarget;
			buildConfigurationList = 20EBA32820817DE8000B6349 /* Build configuration list for PBXNativeTarget "Tinder" */;
			buildPhases = (
				F57AD9D8ABD723EA4882DD56 /* [CP] Check Pods Manifest.lock */,
				20EBA2FC20817DE7000B6349 /* Sources */,
				20EBA2FD20817DE7000B6349 /* Frameworks */,
				20EBA2FE20817DE7000B6349 /* Resources */,
				EF7C7DFD4CC394377D9441BC /* [CP] Embed Pods Frameworks */,
				0BA83116E32FC79E0D9CC499 /* [CP] Copy Pods Resources */,
			);
			buildRules = (
			);
			dependencies = (
			);
			name = Tinder;
			productName = Tinder;
			productReference = 20EBA30020817DE7000B6349 /* Tinder.app */;
			productType = "com.apple.product-type.application";
		};
		20EBA31320817DE8000B6349 /* TinderTests */ = {
			isa = PBXNativeTarget;
			buildConfigurationList = 20EBA32B20817DE8000B6349 /* Build configuration list for PBXNativeTarget "TinderTests" */;
			buildPhases = (
				7E6A0F202A6FB2A47A9B662D /* [CP] Check Pods Manifest.lock */,
				20EBA31020817DE8000B6349 /* Sources */,
				20EBA31120817DE8000B6349 /* Frameworks */,
				20EBA31220817DE8000B6349 /* Resources */,
				783B735523B496614AC186E5 /* [CP] Embed Pods Frameworks */,
				932ECB194082BF301392C995 /* [CP] Copy Pods Resources */,
			);
			buildRules = (
			);
			dependencies = (
				20EBA31620817DE8000B6349 /* PBXTargetDependency */,
			);
			name = TinderTests;
			productName = TinderTests;
			productReference = 20EBA31420817DE8000B6349 /* TinderTests.xctest */;
			productType = "com.apple.product-type.bundle.unit-test";
		};
		20EBA31E20817DE8000B6349 /* TinderUITests */ = {
			isa = PBXNativeTarget;
			buildConfigurationList = 20EBA32E20817DE8000B6349 /* Build configuration list for PBXNativeTarget "TinderUITests" */;
			buildPhases = (
				3294A7827B4F6297EDCF377E /* [CP] Check Pods Manifest.lock */,
				20EBA31B20817DE8000B6349 /* Sources */,
				20EBA31C20817DE8000B6349 /* Frameworks */,
				20EBA31D20817DE8000B6349 /* Resources */,
				2EAE88F12E8DE203F6EA1918 /* [CP] Embed Pods Frameworks */,
				BD6462A347574F46ABB150D9 /* [CP] Copy Pods Resources */,
			);
			buildRules = (
			);
			dependencies = (
				20EBA32120817DE8000B6349 /* PBXTargetDependency */,
			);
			name = TinderUITests;
			productName = TinderUITests;
			productReference = 20EBA31F20817DE8000B6349 /* TinderUITests.xctest */;
			productType = "com.apple.product-type.bundle.ui-testing";
		};
/* End PBXNativeTarget section */

/* Begin PBXProject section */
		20EBA2F820817DE7000B6349 /* Project object */ = {
			isa = PBXProject;
			attributes = {
				LastSwiftUpdateCheck = 0920;
				LastUpgradeCheck = 0920;
				ORGANIZATIONNAME = hyelim;
				TargetAttributes = {
					20EBA2FF20817DE7000B6349 = {
						CreatedOnToolsVersion = 9.2;
						ProvisioningStyle = Automatic;
					};
					20EBA31320817DE8000B6349 = {
						CreatedOnToolsVersion = 9.2;
						ProvisioningStyle = Automatic;
						TestTargetID = 20EBA2FF20817DE7000B6349;
					};
					20EBA31E20817DE8000B6349 = {
						CreatedOnToolsVersion = 9.2;
						ProvisioningStyle = Automatic;
						TestTargetID = 20EBA2FF20817DE7000B6349;
					};
				};
			};
			buildConfigurationList = 20EBA2FB20817DE7000B6349 /* Build configuration list for PBXProject "Tinder" */;
			compatibilityVersion = "Xcode 8.0";
			developmentRegion = en;
			hasScannedForEncodings = 0;
			knownRegions = (
				en,
				Base,
			);
			mainGroup = 20EBA2F720817DE7000B6349;
			productRefGroup = 20EBA30120817DE7000B6349 /* Products */;
			projectDirPath = "";
			projectRoot = "";
			targets = (
				20EBA2FF20817DE7000B6349 /* Tinder */,
				20EBA31320817DE8000B6349 /* TinderTests */,
				20EBA31E20817DE8000B6349 /* TinderUITests */,
			);
		};
/* End PBXProject section */

/* Begin PBXResourcesBuildPhase section */
		20EBA2FE20817DE7000B6349 /* Resources */ = {
			isa = PBXResourcesBuildPhase;
			buildActionMask = 2147483647;
			files = (
				20EBA30E20817DE8000B6349 /* LaunchScreen.storyboard in Resources */,
				20EBA30B20817DE8000B6349 /* Assets.xcassets in Resources */,
				20EBA30920817DE8000B6349 /* Main.storyboard in Resources */,
			);
			runOnlyForDeploymentPostprocessing = 0;
		};
		20EBA31220817DE8000B6349 /* Resources */ = {
			isa = PBXResourcesBuildPhase;
			buildActionMask = 2147483647;
			files = (
			);
			runOnlyForDeploymentPostprocessing = 0;
		};
		20EBA31D20817DE8000B6349 /* Resources */ = {
			isa = PBXResourcesBuildPhase;
			buildActionMask = 2147483647;
			files = (
			);
			runOnlyForDeploymentPostprocessing = 0;
		};
/* End PBXResourcesBuildPhase section */

/* Begin PBXShellScriptBuildPhase section */
		0BA83116E32FC79E0D9CC499 /* [CP] Copy Pods Resources */ = {
			isa = PBXShellScriptBuildPhase;
			buildActionMask = 2147483647;
			files = (
			);
			inputPaths = (
			);
			name = "[CP] Copy Pods Resources";
			outputPaths = (
			);
			runOnlyForDeploymentPostprocessing = 0;
			shellPath = /bin/sh;
			shellScript = "\"${SRCROOT}/Pods/Target Support Files/Pods-Tinder/Pods-Tinder-resources.sh\"\n";
			showEnvVarsInLog = 0;
		};
		2EAE88F12E8DE203F6EA1918 /* [CP] Embed Pods Frameworks */ = {
			isa = PBXShellScriptBuildPhase;
			buildActionMask = 2147483647;
			files = (
			);
			inputPaths = (
			);
			name = "[CP] Embed Pods Frameworks";
			outputPaths = (
			);
			runOnlyForDeploymentPostprocessing = 0;
			shellPath = /bin/sh;
			shellScript = "\"${SRCROOT}/Pods/Target Support Files/Pods-TinderUITests/Pods-TinderUITests-frameworks.sh\"\n";
			showEnvVarsInLog = 0;
		};
		3294A7827B4F6297EDCF377E /* [CP] Check Pods Manifest.lock */ = {
			isa = PBXShellScriptBuildPhase;
			buildActionMask = 2147483647;
			files = (
			);
			inputPaths = (
				"${PODS_PODFILE_DIR_PATH}/Podfile.lock",
				"${PODS_ROOT}/Manifest.lock",
			);
			name = "[CP] Check Pods Manifest.lock";
			outputPaths = (
				"$(DERIVED_FILE_DIR)/Pods-TinderUITests-checkManifestLockResult.txt",
			);
			runOnlyForDeploymentPostprocessing = 0;
			shellPath = /bin/sh;
			shellScript = "diff \"${PODS_PODFILE_DIR_PATH}/Podfile.lock\" \"${PODS_ROOT}/Manifest.lock\" > /dev/null\nif [ $? != 0 ] ; then\n    # print error to STDERR\n    echo \"error: The sandbox is not in sync with the Podfile.lock. Run 'pod install' or update your CocoaPods installation.\" >&2\n    exit 1\nfi\n# This output is used by Xcode 'outputs' to avoid re-running this script phase.\necho \"SUCCESS\" > \"${SCRIPT_OUTPUT_FILE_0}\"\n";
			showEnvVarsInLog = 0;
		};
		783B735523B496614AC186E5 /* [CP] Embed Pods Frameworks */ = {
			isa = PBXShellScriptBuildPhase;
			buildActionMask = 2147483647;
			files = (
			);
			inputPaths = (
			);
			name = "[CP] Embed Pods Frameworks";
			outputPaths = (
			);
			runOnlyForDeploymentPostprocessing = 0;
			shellPath = /bin/sh;
			shellScript = "\"${SRCROOT}/Pods/Target Support Files/Pods-TinderTests/Pods-TinderTests-frameworks.sh\"\n";
			showEnvVarsInLog = 0;
		};
		7E6A0F202A6FB2A47A9B662D /* [CP] Check Pods Manifest.lock */ = {
			isa = PBXShellScriptBuildPhase;
			buildActionMask = 2147483647;
			files = (
			);
			inputPaths = (
				"${PODS_PODFILE_DIR_PATH}/Podfile.lock",
				"${PODS_ROOT}/Manifest.lock",
			);
			name = "[CP] Check Pods Manifest.lock";
			outputPaths = (
				"$(DERIVED_FILE_DIR)/Pods-TinderTests-checkManifestLockResult.txt",
			);
			runOnlyForDeploymentPostprocessing = 0;
			shellPath = /bin/sh;
			shellScript = "diff \"${PODS_PODFILE_DIR_PATH}/Podfile.lock\" \"${PODS_ROOT}/Manifest.lock\" > /dev/null\nif [ $? != 0 ] ; then\n    # print error to STDERR\n    echo \"error: The sandbox is not in sync with the Podfile.lock. Run 'pod install' or update your CocoaPods installation.\" >&2\n    exit 1\nfi\n# This output is used by Xcode 'outputs' to avoid re-running this script phase.\necho \"SUCCESS\" > \"${SCRIPT_OUTPUT_FILE_0}\"\n";
			showEnvVarsInLog = 0;
		};
		932ECB194082BF301392C995 /* [CP] Copy Pods Resources */ = {
			isa = PBXShellScriptBuildPhase;
			buildActionMask = 2147483647;
			files = (
			);
			inputPaths = (
			);
			name = "[CP] Copy Pods Resources";
			outputPaths = (
			);
			runOnlyForDeploymentPostprocessing = 0;
			shellPath = /bin/sh;
			shellScript = "\"${SRCROOT}/Pods/Target Support Files/Pods-TinderTests/Pods-TinderTests-resources.sh\"\n";
			showEnvVarsInLog = 0;
		};
		BD6462A347574F46ABB150D9 /* [CP] Copy Pods Resources */ = {
			isa = PBXShellScriptBuildPhase;
			buildActionMask = 2147483647;
			files = (
			);
			inputPaths = (
			);
			name = "[CP] Copy Pods Resources";
			outputPaths = (
			);
			runOnlyForDeploymentPostprocessing = 0;
			shellPath = /bin/sh;
			shellScript = "\"${SRCROOT}/Pods/Target Support Files/Pods-TinderUITests/Pods-TinderUITests-resources.sh\"\n";
			showEnvVarsInLog = 0;
		};
		EF7C7DFD4CC394377D9441BC /* [CP] Embed Pods Frameworks */ = {
			isa = PBXShellScriptBuildPhase;
			buildActionMask = 2147483647;
			files = (
			);
			inputPaths = (
				"${SRCROOT}/Pods/Target Support Files/Pods-Tinder/Pods-Tinder-frameworks.sh",
				"${BUILT_PRODUCTS_DIR}/Alamofire/Alamofire.framework",
				"${BUILT_PRODUCTS_DIR}/AlamofireImage/AlamofireImage.framework",
			);
			name = "[CP] Embed Pods Frameworks";
			outputPaths = (
				"${TARGET_BUILD_DIR}/${FRAMEWORKS_FOLDER_PATH}/Alamofire.framework",
				"${TARGET_BUILD_DIR}/${FRAMEWORKS_FOLDER_PATH}/AlamofireImage.framework",
			);
			runOnlyForDeploymentPostprocessing = 0;
			shellPath = /bin/sh;
			shellScript = "\"${SRCROOT}/Pods/Target Support Files/Pods-Tinder/Pods-Tinder-frameworks.sh\"\n";
			showEnvVarsInLog = 0;
		};
		F57AD9D8ABD723EA4882DD56 /* [CP] Check Pods Manifest.lock */ = {
			isa = PBXShellScriptBuildPhase;
			buildActionMask = 2147483647;
			files = (
			);
			inputPaths = (
				"${PODS_PODFILE_DIR_PATH}/Podfile.lock",
				"${PODS_ROOT}/Manifest.lock",
			);
			name = "[CP] Check Pods Manifest.lock";
			outputPaths = (
				"$(DERIVED_FILE_DIR)/Pods-Tinder-checkManifestLockResult.txt",
			);
			runOnlyForDeploymentPostprocessing = 0;
			shellPath = /bin/sh;
			shellScript = "diff \"${PODS_PODFILE_DIR_PATH}/Podfile.lock\" \"${PODS_ROOT}/Manifest.lock\" > /dev/null\nif [ $? != 0 ] ; then\n    # print error to STDERR\n    echo \"error: The sandbox is not in sync with the Podfile.lock. Run 'pod install' or update your CocoaPods installation.\" >&2\n    exit 1\nfi\n# This output is used by Xcode 'outputs' to avoid re-running this script phase.\necho \"SUCCESS\" > \"${SCRIPT_OUTPUT_FILE_0}\"\n";
			showEnvVarsInLog = 0;
		};
/* End PBXShellScriptBuildPhase section */

/* Begin PBXSourcesBuildPhase section */
		20EBA2FC20817DE7000B6349 /* Sources */ = {
			isa = PBXSourcesBuildPhase;
			buildActionMask = 2147483647;
			files = (
				20D0FA312081C8880094AF44 /* ProfileViewController.swift in Sources */,
				20F3AAC42081F6D900F5F2DA /* FadeTransition.swift in Sources */,
				20F3AAC32081F6D900F5F2DA /* BaseTransition.swift in Sources */,
				20EBA30420817DE8000B6349 /* AppDelegate.swift in Sources */,
				20EBA33220817EA7000B6349 /* CardsViewController.swift in Sources */,
			);
			runOnlyForDeploymentPostprocessing = 0;
		};
		20EBA31020817DE8000B6349 /* Sources */ = {
			isa = PBXSourcesBuildPhase;
			buildActionMask = 2147483647;
			files = (
				20EBA31920817DE8000B6349 /* TinderTests.swift in Sources */,
			);
			runOnlyForDeploymentPostprocessing = 0;
		};
		20EBA31B20817DE8000B6349 /* Sources */ = {
			isa = PBXSourcesBuildPhase;
			buildActionMask = 2147483647;
			files = (
				20EBA32420817DE8000B6349 /* TinderUITests.swift in Sources */,
			);
			runOnlyForDeploymentPostprocessing = 0;
		};
/* End PBXSourcesBuildPhase section */

/* Begin PBXTargetDependency section */
		20EBA31620817DE8000B6349 /* PBXTargetDependency */ = {
			isa = PBXTargetDependency;
			target = 20EBA2FF20817DE7000B6349 /* Tinder */;
			targetProxy = 20EBA31520817DE8000B6349 /* PBXContainerItemProxy */;
		};
		20EBA32120817DE8000B6349 /* PBXTargetDependency */ = {
			isa = PBXTargetDependency;
			target = 20EBA2FF20817DE7000B6349 /* Tinder */;
			targetProxy = 20EBA32020817DE8000B6349 /* PBXContainerItemProxy */;
		};
/* End PBXTargetDependency section */

/* Begin PBXVariantGroup section */
		20EBA30720817DE8000B6349 /* Main.storyboard */ = {
			isa = PBXVariantGroup;
			children = (
				20EBA30820817DE8000B6349 /* Base */,
			);
			name = Main.storyboard;
			sourceTree = "<group>";
		};
		20EBA30C20817DE8000B6349 /* LaunchScreen.storyboard */ = {
			isa = PBXVariantGroup;
			children = (
				20EBA30D20817DE8000B6349 /* Base */,
			);
			name = LaunchScreen.storyboard;
			sourceTree = "<group>";
		};
/* End PBXVariantGroup section */

/* Begin XCBuildConfiguration section */
		20EBA32620817DE8000B6349 /* Debug */ = {
			isa = XCBuildConfiguration;
			buildSettings = {
				ALWAYS_SEARCH_USER_PATHS = NO;
				CLANG_ANALYZER_NONNULL = YES;
				CLANG_ANALYZER_NUMBER_OBJECT_CONVERSION = YES_AGGRESSIVE;
				CLANG_CXX_LANGUAGE_STANDARD = "gnu++14";
				CLANG_CXX_LIBRARY = "libc++";
				CLANG_ENABLE_MODULES = YES;
				CLANG_ENABLE_OBJC_ARC = YES;
				CLANG_WARN_BLOCK_CAPTURE_AUTORELEASING = YES;
				CLANG_WARN_BOOL_CONVERSION = YES;
				CLANG_WARN_COMMA = YES;
				CLANG_WARN_CONSTANT_CONVERSION = YES;
				CLANG_WARN_DIRECT_OBJC_ISA_USAGE = YES_ERROR;
				CLANG_WARN_DOCUMENTATION_COMMENTS = YES;
				CLANG_WARN_EMPTY_BODY = YES;
				CLANG_WARN_ENUM_CONVERSION = YES;
				CLANG_WARN_INFINITE_RECURSION = YES;
				CLANG_WARN_INT_CONVERSION = YES;
				CLANG_WARN_NON_LITERAL_NULL_CONVERSION = YES;
				CLANG_WARN_OBJC_LITERAL_CONVERSION = YES;
				CLANG_WARN_OBJC_ROOT_CLASS = YES_ERROR;
				CLANG_WARN_RANGE_LOOP_ANALYSIS = YES;
				CLANG_WARN_STRICT_PROTOTYPES = YES;
				CLANG_WARN_SUSPICIOUS_MOVE = YES;
				CLANG_WARN_UNGUARDED_AVAILABILITY = YES_AGGRESSIVE;
				CLANG_WARN_UNREACHABLE_CODE = YES;
				CLANG_WARN__DUPLICATE_METHOD_MATCH = YES;
				CODE_SIGN_IDENTITY = "iPhone Developer";
				COPY_PHASE_STRIP = NO;
				DEBUG_INFORMATION_FORMAT = dwarf;
				ENABLE_STRICT_OBJC_MSGSEND = YES;
				ENABLE_TESTABILITY = YES;
				GCC_C_LANGUAGE_STANDARD = gnu11;
				GCC_DYNAMIC_NO_PIC = NO;
				GCC_NO_COMMON_BLOCKS = YES;
				GCC_OPTIMIZATION_LEVEL = 0;
				GCC_PREPROCESSOR_DEFINITIONS = (
					"DEBUG=1",
					"$(inherited)",
				);
				GCC_WARN_64_TO_32_BIT_CONVERSION = YES;
				GCC_WARN_ABOUT_RETURN_TYPE = YES_ERROR;
				GCC_WARN_UNDECLARED_SELECTOR = YES;
				GCC_WARN_UNINITIALIZED_AUTOS = YES_AGGRESSIVE;
				GCC_WARN_UNUSED_FUNCTION = YES;
				GCC_WARN_UNUSED_VARIABLE = YES;
				IPHONEOS_DEPLOYMENT_TARGET = 11.2;
				MTL_ENABLE_DEBUG_INFO = YES;
				ONLY_ACTIVE_ARCH = YES;
				SDKROOT = iphoneos;
				SWIFT_ACTIVE_COMPILATION_CONDITIONS = DEBUG;
				SWIFT_OPTIMIZATION_LEVEL = "-Onone";
			};
			name = Debug;
		};
		20EBA32720817DE8000B6349 /* Release */ = {
			isa = XCBuildConfiguration;
			buildSettings = {
				ALWAYS_SEARCH_USER_PATHS = NO;
				CLANG_ANALYZER_NONNULL = YES;
				CLANG_ANALYZER_NUMBER_OBJECT_CONVERSION = YES_AGGRESSIVE;
				CLANG_CXX_LANGUAGE_STANDARD = "gnu++14";
				CLANG_CXX_LIBRARY = "libc++";
				CLANG_ENABLE_MODULES = YES;
				CLANG_ENABLE_OBJC_ARC = YES;
				CLANG_WARN_BLOCK_CAPTURE_AUTORELEASING = YES;
				CLANG_WARN_BOOL_CONVERSION = YES;
				CLANG_WARN_COMMA = YES;
				CLANG_WARN_CONSTANT_CONVERSION = YES;
				CLANG_WARN_DIRECT_OBJC_ISA_USAGE = YES_ERROR;
				CLANG_WARN_DOCUMENTATION_COMMENTS = YES;
				CLANG_WARN_EMPTY_BODY = YES;
				CLANG_WARN_ENUM_CONVERSION = YES;
				CLANG_WARN_INFINITE_RECURSION = YES;
				CLANG_WARN_INT_CONVERSION = YES;
				CLANG_WARN_NON_LITERAL_NULL_CONVERSION = YES;
				CLANG_WARN_OBJC_LITERAL_CONVERSION = YES;
				CLANG_WARN_OBJC_ROOT_CLASS = YES_ERROR;
				CLANG_WARN_RANGE_LOOP_ANALYSIS = YES;
				CLANG_WARN_STRICT_PROTOTYPES = YES;
				CLANG_WARN_SUSPICIOUS_MOVE = YES;
				CLANG_WARN_UNGUARDED_AVAILABILITY = YES_AGGRESSIVE;
				CLANG_WARN_UNREACHABLE_CODE = YES;
				CLANG_WARN__DUPLICATE_METHOD_MATCH = YES;
				CODE_SIGN_IDENTITY = "iPhone Developer";
				COPY_PHASE_STRIP = NO;
				DEBUG_INFORMATION_FORMAT = "dwarf-with-dsym";
				ENABLE_NS_ASSERTIONS = NO;
				ENABLE_STRICT_OBJC_MSGSEND = YES;
				GCC_C_LANGUAGE_STANDARD = gnu11;
				GCC_NO_COMMON_BLOCKS = YES;
				GCC_WARN_64_TO_32_BIT_CONVERSION = YES;
				GCC_WARN_ABOUT_RETURN_TYPE = YES_ERROR;
				GCC_WARN_UNDECLARED_SELECTOR = YES;
				GCC_WARN_UNINITIALIZED_AUTOS = YES_AGGRESSIVE;
				GCC_WARN_UNUSED_FUNCTION = YES;
				GCC_WARN_UNUSED_VARIABLE = YES;
				IPHONEOS_DEPLOYMENT_TARGET = 11.2;
				MTL_ENABLE_DEBUG_INFO = NO;
				SDKROOT = iphoneos;
				SWIFT_OPTIMIZATION_LEVEL = "-Owholemodule";
				VALIDATE_PRODUCT = YES;
			};
			name = Release;
		};
		20EBA32920817DE8000B6349 /* Debug */ = {
			isa = XCBuildConfiguration;
			baseConfigurationReference = 7206F149ECB5E7AC319467B9 /* Pods-Tinder.debug.xcconfig */;
			buildSettings = {
				ASSETCATALOG_COMPILER_APPICON_NAME = AppIcon;
				CODE_SIGN_STYLE = Automatic;
				DEVELOPMENT_TEAM = 6SW85PYBWB;
				INFOPLIST_FILE = Tinder/Info.plist;
				LD_RUNPATH_SEARCH_PATHS = "$(inherited) @executable_path/Frameworks";
				PRODUCT_BUNDLE_IDENTIFIER = com.hyelim.Tinder;
				PRODUCT_NAME = "$(TARGET_NAME)";
				SWIFT_VERSION = 4.0;
				TARGETED_DEVICE_FAMILY = "1,2";
			};
			name = Debug;
		};
		20EBA32A20817DE8000B6349 /* Release */ = {
			isa = XCBuildConfiguration;
			baseConfigurationReference = 45751C2B8E67C9568DE1707D /* Pods-Tinder.release.xcconfig */;
			buildSettings = {
				ASSETCATALOG_COMPILER_APPICON_NAME = AppIcon;
				CODE_SIGN_STYLE = Automatic;
				DEVELOPMENT_TEAM = 6SW85PYBWB;
				INFOPLIST_FILE = Tinder/Info.plist;
				LD_RUNPATH_SEARCH_PATHS = "$(inherited) @executable_path/Frameworks";
				PRODUCT_BUNDLE_IDENTIFIER = com.hyelim.Tinder;
				PRODUCT_NAME = "$(TARGET_NAME)";
				SWIFT_VERSION = 4.0;
				TARGETED_DEVICE_FAMILY = "1,2";
			};
			name = Release;
		};
		20EBA32C20817DE8000B6349 /* Debug */ = {
			isa = XCBuildConfiguration;
			baseConfigurationReference = 6EE323C2E43B1F2CD7B2D757 /* Pods-TinderTests.debug.xcconfig */;
			buildSettings = {
				ALWAYS_EMBED_SWIFT_STANDARD_LIBRARIES = YES;
				BUNDLE_LOADER = "$(TEST_HOST)";
				CODE_SIGN_STYLE = Automatic;
				DEVELOPMENT_TEAM = 6SW85PYBWB;
				INFOPLIST_FILE = TinderTests/Info.plist;
				LD_RUNPATH_SEARCH_PATHS = "$(inherited) @executable_path/Frameworks @loader_path/Frameworks";
				PRODUCT_BUNDLE_IDENTIFIER = com.hyelim.TinderTests;
				PRODUCT_NAME = "$(TARGET_NAME)";
				SWIFT_VERSION = 4.0;
				TARGETED_DEVICE_FAMILY = "1,2";
				TEST_HOST = "$(BUILT_PRODUCTS_DIR)/Tinder.app/Tinder";
			};
			name = Debug;
		};
		20EBA32D20817DE8000B6349 /* Release */ = {
			isa = XCBuildConfiguration;
			baseConfigurationReference = A4F872CC24C4214803539FC5 /* Pods-TinderTests.release.xcconfig */;
			buildSettings = {
				ALWAYS_EMBED_SWIFT_STANDARD_LIBRARIES = YES;
				BUNDLE_LOADER = "$(TEST_HOST)";
				CODE_SIGN_STYLE = Automatic;
				DEVELOPMENT_TEAM = 6SW85PYBWB;
				INFOPLIST_FILE = TinderTests/Info.plist;
				LD_RUNPATH_SEARCH_PATHS = "$(inherited) @executable_path/Frameworks @loader_path/Frameworks";
				PRODUCT_BUNDLE_IDENTIFIER = com.hyelim.TinderTests;
				PRODUCT_NAME = "$(TARGET_NAME)";
				SWIFT_VERSION = 4.0;
				TARGETED_DEVICE_FAMILY = "1,2";
				TEST_HOST = "$(BUILT_PRODUCTS_DIR)/Tinder.app/Tinder";
			};
			name = Release;
		};
		20EBA32F20817DE8000B6349 /* Debug */ = {
			isa = XCBuildConfiguration;
			baseConfigurationReference = 0C5F3B90CB5DB5446DF8CD62 /* Pods-TinderUITests.debug.xcconfig */;
			buildSettings = {
				ALWAYS_EMBED_SWIFT_STANDARD_LIBRARIES = YES;
				CODE_SIGN_STYLE = Automatic;
				DEVELOPMENT_TEAM = 6SW85PYBWB;
				INFOPLIST_FILE = TinderUITests/Info.plist;
				LD_RUNPATH_SEARCH_PATHS = "$(inherited) @executable_path/Frameworks @loader_path/Frameworks";
				PRODUCT_BUNDLE_IDENTIFIER = com.hyelim.TinderUITests;
				PRODUCT_NAME = "$(TARGET_NAME)";
				SWIFT_VERSION = 4.0;
				TARGETED_DEVICE_FAMILY = "1,2";
				TEST_TARGET_NAME = Tinder;
			};
			name = Debug;
		};
		20EBA33020817DE8000B6349 /* Release */ = {
			isa = XCBuildConfiguration;
			baseConfigurationReference = 624815E07F4FC04B4DDD4CD0 /* Pods-TinderUITests.release.xcconfig */;
			buildSettings = {
				ALWAYS_EMBED_SWIFT_STANDARD_LIBRARIES = YES;
				CODE_SIGN_STYLE = Automatic;
				DEVELOPMENT_TEAM = 6SW85PYBWB;
				INFOPLIST_FILE = TinderUITests/Info.plist;
				LD_RUNPATH_SEARCH_PATHS = "$(inherited) @executable_path/Frameworks @loader_path/Frameworks";
				PRODUCT_BUNDLE_IDENTIFIER = com.hyelim.TinderUITests;
				PRODUCT_NAME = "$(TARGET_NAME)";
				SWIFT_VERSION = 4.0;
				TARGETED_DEVICE_FAMILY = "1,2";
				TEST_TARGET_NAME = Tinder;
			};
			name = Release;
		};
/* End XCBuildConfiguration section */

/* Begin XCConfigurationList section */
		20EBA2FB20817DE7000B6349 /* Build configuration list for PBXProject "Tinder" */ = {
			isa = XCConfigurationList;
			buildConfigurations = (
				20EBA32620817DE8000B6349 /* Debug */,
				20EBA32720817DE8000B6349 /* Release */,
			);
			defaultConfigurationIsVisible = 0;
			defaultConfigurationName = Release;
		};
		20EBA32820817DE8000B6349 /* Build configuration list for PBXNativeTarget "Tinder" */ = {
			isa = XCConfigurationList;
			buildConfigurations = (
				20EBA32920817DE8000B6349 /* Debug */,
				20EBA32A20817DE8000B6349 /* Release */,
			);
			defaultConfigurationIsVisible = 0;
			defaultConfigurationName = Release;
		};
		20EBA32B20817DE8000B6349 /* Build configuration list for PBXNativeTarget "TinderTests" */ = {
			isa = XCConfigurationList;
			buildConfigurations = (
				20EBA32C20817DE8000B6349 /* Debug */,
				20EBA32D20817DE8000B6349 /* Release */,
			);
			defaultConfigurationIsVisible = 0;
			defaultConfigurationName = Release;
		};
		20EBA32E20817DE8000B6349 /* Build configuration list for PBXNativeTarget "TinderUITests" */ = {
			isa = XCConfigurationList;
			buildConfigurations = (
				20EBA32F20817DE8000B6349 /* Debug */,
				20EBA33020817DE8000B6349 /* Release */,
			);
			defaultConfigurationIsVisible = 0;
			defaultConfigurationName = Release;
		};
/* End XCConfigurationList section */
	};
	rootObject = 20EBA2F820817DE7000B6349 /* Project object */;
}
